{
  "name": "new-proj",
  "lockfileVersion": 3,
  "requires": true,
  "packages": {
    "": {
      "dependencies": {
        "firstapp": "^0.0.1"
      }
    },
    "node_modules/firstapp": {
      "version": "0.0.1",
      "resolved": "https://registry.npmjs.org/firstapp/-/firstapp-0.0.1.tgz",
      "integrity": "sha512-U8ix5gh85hOQ6SgF9ELObPEUaRSsXv87gKRUapeYwINUUbqct9aC2SUTfaDz1l1LqUOwh1vcRmIwIoMmAdC5Og==",
      "engines": {
        "node": ">=0.4.0"
      }
    }
  }
}
